// !$*UTF8*$!
{
	archiveVersion = 1;
	classes = {
	};
	objectVersion = 55;
	objects = {

/* Begin PBXBuildFile section */
		8C01614A27777063003BD6EE /* negoto.swift in Sources */ = {isa = PBXBuildFile; fileRef = 8C01614927777063003BD6EE /* negoto.swift */; };
		8C01614B27777063003BD6EE /* negoto.swift in Sources */ = {isa = PBXBuildFile; fileRef = 8C01614927777063003BD6EE /* negoto.swift */; };
		8C677CB72779D49D000BE210 /* CMessageBox.swift in Sources */ = {isa = PBXBuildFile; fileRef = 8C677CB62779D49D000BE210 /* CMessageBox.swift */; };
		8C9933F5277761E0004A34AF /* Tests_iOS.swift in Sources */ = {isa = PBXBuildFile; fileRef = 8C9933F4277761E0004A34AF /* Tests_iOS.swift */; };
		8C9933F7277761E0004A34AF /* Tests_iOSLaunchTests.swift in Sources */ = {isa = PBXBuildFile; fileRef = 8C9933F6277761E0004A34AF /* Tests_iOSLaunchTests.swift */; };
		8C993401277761E0004A34AF /* Tests_macOS.swift in Sources */ = {isa = PBXBuildFile; fileRef = 8C993400277761E0004A34AF /* Tests_macOS.swift */; };
		8C993403277761E0004A34AF /* Tests_macOSLaunchTests.swift in Sources */ = {isa = PBXBuildFile; fileRef = 8C993402277761E0004A34AF /* Tests_macOSLaunchTests.swift */; };
		8C993408277761E0004A34AF /* Assets.xcassets in Resources */ = {isa = PBXBuildFile; fileRef = 8C9933DE277761E0004A34AF /* Assets.xcassets */; };
		8C993409277761E0004A34AF /* Assets.xcassets in Resources */ = {isa = PBXBuildFile; fileRef = 8C9933DE277761E0004A34AF /* Assets.xcassets */; };
		8CAC73352779E3D0000CB7E3 /* CMessageBubble.swift in Sources */ = {isa = PBXBuildFile; fileRef = 8CAC73342779E3D0000CB7E3 /* CMessageBubble.swift */; };
		8CAC733A2779F68E000CB7E3 /* ChatRoom.swift in Sources */ = {isa = PBXBuildFile; fileRef = 8CAC73392779F68E000CB7E3 /* ChatRoom.swift */; };
		8CAC733E2779FB37000CB7E3 /* ChatHelper.swift in Sources */ = {isa = PBXBuildFile; fileRef = 8CAC733D2779FB37000CB7E3 /* ChatHelper.swift */; };
		8CAC73402779FB87000CB7E3 /* MessageModel.swift in Sources */ = {isa = PBXBuildFile; fileRef = 8CAC733F2779FB87000CB7E3 /* MessageModel.swift */; };
		8CAC7342277A0C3F000CB7E3 /* CMessageList.swift in Sources */ = {isa = PBXBuildFile; fileRef = 8CAC7341277A0C3F000CB7E3 /* CMessageList.swift */; };
		8CAC7347277A1E24000CB7E3 /* SwiftUIView.swift in Sources */ = {isa = PBXBuildFile; fileRef = 8CAC7346277A1E24000CB7E3 /* SwiftUIView.swift */; };
/* End PBXBuildFile section */

/* Begin PBXContainerItemProxy section */
		8C9933F1277761E0004A34AF /* PBXContainerItemProxy */ = {
			isa = PBXContainerItemProxy;
			containerPortal = 8C9933D7277761DE004A34AF /* Project object */;
			proxyType = 1;
			remoteGlobalIDString = 8C9933E2277761E0004A34AF;
			remoteInfo = "negoto (iOS)";
		};
		8C9933FD277761E0004A34AF /* PBXContainerItemProxy */ = {
			isa = PBXContainerItemProxy;
			containerPortal = 8C9933D7277761DE004A34AF /* Project object */;
			proxyType = 1;
			remoteGlobalIDString = 8C9933E8277761E0004A34AF;
			remoteInfo = "negoto (macOS)";
		};
/* End PBXContainerItemProxy section */

/* Begin PBXFileReference section */
		8C01614927777063003BD6EE /* negoto.swift */ = {isa = PBXFileReference; lastKnownFileType = sourcecode.swift; path = negoto.swift; sourceTree = "<group>"; };
		8C677CB22777726B000BE210 /* .gitignore */ = {isa = PBXFileReference; lastKnownFileType = text; path = .gitignore; sourceTree = "<group>"; };
		8C677CB62779D49D000BE210 /* CMessageBox.swift */ = {isa = PBXFileReference; lastKnownFileType = sourcecode.swift; path = CMessageBox.swift; sourceTree = "<group>"; };
		8C9933DE277761E0004A34AF /* Assets.xcassets */ = {isa = PBXFileReference; lastKnownFileType = folder.assetcatalog; path = Assets.xcassets; sourceTree = "<group>"; };
		8C9933E3277761E0004A34AF /* negoto.app */ = {isa = PBXFileReference; explicitFileType = wrapper.application; includeInIndex = 0; path = negoto.app; sourceTree = BUILT_PRODUCTS_DIR; };
		8C9933E9277761E0004A34AF /* negoto.app */ = {isa = PBXFileReference; explicitFileType = wrapper.application; includeInIndex = 0; path = negoto.app; sourceTree = BUILT_PRODUCTS_DIR; };
		8C9933EB277761E0004A34AF /* macOS.entitlements */ = {isa = PBXFileReference; lastKnownFileType = text.plist.entitlements; path = macOS.entitlements; sourceTree = "<group>"; };
		8C9933F0277761E0004A34AF /* Tests iOS.xctest */ = {isa = PBXFileReference; explicitFileType = wrapper.cfbundle; includeInIndex = 0; path = "Tests iOS.xctest"; sourceTree = BUILT_PRODUCTS_DIR; };
		8C9933F4277761E0004A34AF /* Tests_iOS.swift */ = {isa = PBXFileReference; lastKnownFileType = sourcecode.swift; path = Tests_iOS.swift; sourceTree = "<group>"; };
		8C9933F6277761E0004A34AF /* Tests_iOSLaunchTests.swift */ = {isa = PBXFileReference; lastKnownFileType = sourcecode.swift; path = Tests_iOSLaunchTests.swift; sourceTree = "<group>"; };
		8C9933FC277761E0004A34AF /* Tests macOS.xctest */ = {isa = PBXFileReference; explicitFileType = wrapper.cfbundle; includeInIndex = 0; path = "Tests macOS.xctest"; sourceTree = BUILT_PRODUCTS_DIR; };
		8C993400277761E0004A34AF /* Tests_macOS.swift */ = {isa = PBXFileReference; lastKnownFileType = sourcecode.swift; path = Tests_macOS.swift; sourceTree = "<group>"; };
		8C993402277761E0004A34AF /* Tests_macOSLaunchTests.swift */ = {isa = PBXFileReference; lastKnownFileType = sourcecode.swift; path = Tests_macOSLaunchTests.swift; sourceTree = "<group>"; };
		8CAC73342779E3D0000CB7E3 /* CMessageBubble.swift */ = {isa = PBXFileReference; lastKnownFileType = sourcecode.swift; path = CMessageBubble.swift; sourceTree = "<group>"; };
		8CAC73392779F68E000CB7E3 /* ChatRoom.swift */ = {isa = PBXFileReference; lastKnownFileType = sourcecode.swift; path = ChatRoom.swift; sourceTree = "<group>"; };
		8CAC733D2779FB37000CB7E3 /* ChatHelper.swift */ = {isa = PBXFileReference; lastKnownFileType = sourcecode.swift; path = ChatHelper.swift; sourceTree = "<group>"; };
		8CAC733F2779FB87000CB7E3 /* MessageModel.swift */ = {isa = PBXFileReference; lastKnownFileType = sourcecode.swift; path = MessageModel.swift; sourceTree = "<group>"; };
		8CAC7341277A0C3F000CB7E3 /* CMessageList.swift */ = {isa = PBXFileReference; lastKnownFileType = sourcecode.swift; path = CMessageList.swift; sourceTree = "<group>"; };
		8CAC7346277A1E24000CB7E3 /* SwiftUIView.swift */ = {isa = PBXFileReference; lastKnownFileType = sourcecode.swift; path = SwiftUIView.swift; sourceTree = "<group>"; };
/* End PBXFileReference section */

/* Begin PBXFrameworksBuildPhase section */
		8C9933E0277761E0004A34AF /* Frameworks */ = {
			isa = PBXFrameworksBuildPhase;
			buildActionMask = 2147483647;
			files = (
			);
			runOnlyForDeploymentPostprocessing = 0;
		};
		8C9933E6277761E0004A34AF /* Frameworks */ = {
			isa = PBXFrameworksBuildPhase;
			buildActionMask = 2147483647;
			files = (
			);
			runOnlyForDeploymentPostprocessing = 0;
		};
		8C9933ED277761E0004A34AF /* Frameworks */ = {
			isa = PBXFrameworksBuildPhase;
			buildActionMask = 2147483647;
			files = (
			);
			runOnlyForDeploymentPostprocessing = 0;
		};
		8C9933F9277761E0004A34AF /* Frameworks */ = {
			isa = PBXFrameworksBuildPhase;
			buildActionMask = 2147483647;
			files = (
			);
			runOnlyForDeploymentPostprocessing = 0;
		};
/* End PBXFrameworksBuildPhase section */

/* Begin PBXGroup section */
		8C01614527776D73003BD6EE /* app */ = {
			isa = PBXGroup;
			children = (
				8C01614F277770D4003BD6EE /* assets */,
				8C01614C27777098003BD6EE /* view */,
				8C01614927777063003BD6EE /* negoto.swift */,
			);
			path = app;
			sourceTree = "<group>";
		};
		8C01614C27777098003BD6EE /* view */ = {
			isa = PBXGroup;
			children = (
				8CAC733C2779FB26000CB7E3 /* models */,
				8CAC733B2779FB20000CB7E3 /* helpers */,
				8C01614E277770B9003BD6EE /* pages */,
				8C01614D277770A8003BD6EE /* components */,
			);
			path = view;
			sourceTree = "<group>";
		};
		8C01614D277770A8003BD6EE /* components */ = {
			isa = PBXGroup;
			children = (
				8CAC73332779E3BA000CB7E3 /* message */,
				8C677CB52779D488000BE210 /* form */,
				8CAC7346277A1E24000CB7E3 /* SwiftUIView.swift */,
			);
			path = components;
			sourceTree = "<group>";
		};
		8C01614E277770B9003BD6EE /* pages */ = {
			isa = PBXGroup;
			children = (
				8CAC73392779F68E000CB7E3 /* ChatRoom.swift */,
			);
			path = pages;
			sourceTree = "<group>";
		};
		8C01614F277770D4003BD6EE /* assets */ = {
			isa = PBXGroup;
			children = (
				8C9933DE277761E0004A34AF /* Assets.xcassets */,
			);
			path = assets;
			sourceTree = "<group>";
		};
		8C677CB52779D488000BE210 /* form */ = {
			isa = PBXGroup;
			children = (
				8C677CB62779D49D000BE210 /* CMessageBox.swift */,
			);
			name = form;
			sourceTree = "<group>";
		};
		8C9933D6277761DE004A34AF = {
			isa = PBXGroup;
			children = (
				8C677CB22777726B000BE210 /* .gitignore */,
				8C01614527776D73003BD6EE /* app */,
				8C9933EA277761E0004A34AF /* macOS */,
				8C9933F3277761E0004A34AF /* Tests iOS */,
				8C9933FF277761E0004A34AF /* Tests macOS */,
				8C9933E4277761E0004A34AF /* Products */,
			);
			sourceTree = "<group>";
		};
		8C9933E4277761E0004A34AF /* Products */ = {
			isa = PBXGroup;
			children = (
				8C9933E3277761E0004A34AF /* negoto.app */,
				8C9933E9277761E0004A34AF /* negoto.app */,
				8C9933F0277761E0004A34AF /* Tests iOS.xctest */,
				8C9933FC277761E0004A34AF /* Tests macOS.xctest */,
			);
			name = Products;
			sourceTree = "<group>";
		};
		8C9933EA277761E0004A34AF /* macOS */ = {
			isa = PBXGroup;
			children = (
				8C9933EB277761E0004A34AF /* macOS.entitlements */,
			);
			path = macOS;
			sourceTree = "<group>";
		};
		8C9933F3277761E0004A34AF /* Tests iOS */ = {
			isa = PBXGroup;
			children = (
				8C9933F4277761E0004A34AF /* Tests_iOS.swift */,
				8C9933F6277761E0004A34AF /* Tests_iOSLaunchTests.swift */,
			);
			path = "Tests iOS";
			sourceTree = "<group>";
		};
		8C9933FF277761E0004A34AF /* Tests macOS */ = {
			isa = PBXGroup;
			children = (
				8C993400277761E0004A34AF /* Tests_macOS.swift */,
				8C993402277761E0004A34AF /* Tests_macOSLaunchTests.swift */,
			);
			path = "Tests macOS";
			sourceTree = "<group>";
		};
		8CAC73332779E3BA000CB7E3 /* message */ = {
			isa = PBXGroup;
			children = (
				8CAC73342779E3D0000CB7E3 /* CMessageBubble.swift */,
				8CAC7341277A0C3F000CB7E3 /* CMessageList.swift */,
			);
			name = message;
			sourceTree = "<group>";
		};
		8CAC733B2779FB20000CB7E3 /* helpers */ = {
			isa = PBXGroup;
			children = (
				8CAC733D2779FB37000CB7E3 /* ChatHelper.swift */,
			);
			path = helpers;
			sourceTree = "<group>";
		};
		8CAC733C2779FB26000CB7E3 /* models */ = {
			isa = PBXGroup;
			children = (
				8CAC733F2779FB87000CB7E3 /* MessageModel.swift */,
			);
			path = models;
			sourceTree = "<group>";
		};
/* End PBXGroup section */

/* Begin PBXNativeTarget section */
		8C9933E2277761E0004A34AF /* negoto (iOS) */ = {
			isa = PBXNativeTarget;
			buildConfigurationList = 8C99340C277761E0004A34AF /* Build configuration list for PBXNativeTarget "negoto (iOS)" */;
			buildPhases = (
				8C9933DF277761E0004A34AF /* Sources */,
				8C9933E0277761E0004A34AF /* Frameworks */,
				8C9933E1277761E0004A34AF /* Resources */,
			);
			buildRules = (
			);
			dependencies = (
			);
			name = "negoto (iOS)";
			productName = "negoto (iOS)";
			productReference = 8C9933E3277761E0004A34AF /* negoto.app */;
			productType = "com.apple.product-type.application";
		};
		8C9933E8277761E0004A34AF /* negoto (macOS) */ = {
			isa = PBXNativeTarget;
			buildConfigurationList = 8C99340F277761E0004A34AF /* Build configuration list for PBXNativeTarget "negoto (macOS)" */;
			buildPhases = (
				8C9933E5277761E0004A34AF /* Sources */,
				8C9933E6277761E0004A34AF /* Frameworks */,
				8C9933E7277761E0004A34AF /* Resources */,
			);
			buildRules = (
			);
			dependencies = (
			);
			name = "negoto (macOS)";
			productName = "negoto (macOS)";
			productReference = 8C9933E9277761E0004A34AF /* negoto.app */;
			productType = "com.apple.product-type.application";
		};
		8C9933EF277761E0004A34AF /* Tests iOS */ = {
			isa = PBXNativeTarget;
			buildConfigurationList = 8C993412277761E0004A34AF /* Build configuration list for PBXNativeTarget "Tests iOS" */;
			buildPhases = (
				8C9933EC277761E0004A34AF /* Sources */,
				8C9933ED277761E0004A34AF /* Frameworks */,
				8C9933EE277761E0004A34AF /* Resources */,
			);
			buildRules = (
			);
			dependencies = (
				8C9933F2277761E0004A34AF /* PBXTargetDependency */,
			);
			name = "Tests iOS";
			productName = "Tests iOS";
			productReference = 8C9933F0277761E0004A34AF /* Tests iOS.xctest */;
			productType = "com.apple.product-type.bundle.ui-testing";
		};
		8C9933FB277761E0004A34AF /* Tests macOS */ = {
			isa = PBXNativeTarget;
			buildConfigurationList = 8C993415277761E0004A34AF /* Build configuration list for PBXNativeTarget "Tests macOS" */;
			buildPhases = (
				8C9933F8277761E0004A34AF /* Sources */,
				8C9933F9277761E0004A34AF /* Frameworks */,
				8C9933FA277761E0004A34AF /* Resources */,
			);
			buildRules = (
			);
			dependencies = (
				8C9933FE277761E0004A34AF /* PBXTargetDependency */,
			);
			name = "Tests macOS";
			productName = "Tests macOS";
			productReference = 8C9933FC277761E0004A34AF /* Tests macOS.xctest */;
			productType = "com.apple.product-type.bundle.ui-testing";
		};
/* End PBXNativeTarget section */

/* Begin PBXProject section */
		8C9933D7277761DE004A34AF /* Project object */ = {
			isa = PBXProject;
			attributes = {
				BuildIndependentTargetsInParallel = 1;
				LastSwiftUpdateCheck = 1310;
				LastUpgradeCheck = 1310;
				TargetAttributes = {
					8C9933E2277761E0004A34AF = {
						CreatedOnToolsVersion = 13.1;
					};
					8C9933E8277761E0004A34AF = {
						CreatedOnToolsVersion = 13.1;
					};
					8C9933EF277761E0004A34AF = {
						CreatedOnToolsVersion = 13.1;
						TestTargetID = 8C9933E2277761E0004A34AF;
					};
					8C9933FB277761E0004A34AF = {
						CreatedOnToolsVersion = 13.1;
						TestTargetID = 8C9933E8277761E0004A34AF;
					};
				};
			};
			buildConfigurationList = 8C9933DA277761DE004A34AF /* Build configuration list for PBXProject "negoto" */;
			compatibilityVersion = "Xcode 13.0";
			developmentRegion = en;
			hasScannedForEncodings = 0;
			knownRegions = (
				en,
				Base,
			);
			mainGroup = 8C9933D6277761DE004A34AF;
			productRefGroup = 8C9933E4277761E0004A34AF /* Products */;
			projectDirPath = "";
			projectRoot = "";
			targets = (
				8C9933E2277761E0004A34AF /* negoto (iOS) */,
				8C9933E8277761E0004A34AF /* negoto (macOS) */,
				8C9933EF277761E0004A34AF /* Tests iOS */,
				8C9933FB277761E0004A34AF /* Tests macOS */,
			);
		};
/* End PBXProject section */

/* Begin PBXResourcesBuildPhase section */
		8C9933E1277761E0004A34AF /* Resources */ = {
			isa = PBXResourcesBuildPhase;
			buildActionMask = 2147483647;
			files = (
				8C993408277761E0004A34AF /* Assets.xcassets in Resources */,
			);
			runOnlyForDeploymentPostprocessing = 0;
		};
		8C9933E7277761E0004A34AF /* Resources */ = {
			isa = PBXResourcesBuildPhase;
			buildActionMask = 2147483647;
			files = (
				8C993409277761E0004A34AF /* Assets.xcassets in Resources */,
			);
			runOnlyForDeploymentPostprocessing = 0;
		};
		8C9933EE277761E0004A34AF /* Resources */ = {
			isa = PBXResourcesBuildPhase;
			buildActionMask = 2147483647;
			files = (
			);
			runOnlyForDeploymentPostprocessing = 0;
		};
		8C9933FA277761E0004A34AF /* Resources */ = {
			isa = PBXResourcesBuildPhase;
			buildActionMask = 2147483647;
			files = (
			);
			runOnlyForDeploymentPostprocessing = 0;
		};
/* End PBXResourcesBuildPhase section */

/* Begin PBXSourcesBuildPhase section */
		8C9933DF277761E0004A34AF /* Sources */ = {
			isa = PBXSourcesBuildPhase;
			buildActionMask = 2147483647;
			files = (
				8C677CB72779D49D000BE210 /* CMessageBox.swift in Sources */,
				8CAC733E2779FB37000CB7E3 /* ChatHelper.swift in Sources */,
				8CAC7347277A1E24000CB7E3 /* SwiftUIView.swift in Sources */,
				8CAC73402779FB87000CB7E3 /* MessageModel.swift in Sources */,
				8CAC73352779E3D0000CB7E3 /* CMessageBubble.swift in Sources */,
				8CAC733A2779F68E000CB7E3 /* ChatRoom.swift in Sources */,
				8C01614A27777063003BD6EE /* negoto.swift in Sources */,
				8CAC7342277A0C3F000CB7E3 /* CMessageList.swift in Sources */,
			);
			runOnlyForDeploymentPostprocessing = 0;
		};
		8C9933E5277761E0004A34AF /* Sources */ = {
			isa = PBXSourcesBuildPhase;
			buildActionMask = 2147483647;
			files = (
				8C01614B27777063003BD6EE /* negoto.swift in Sources */,
			);
			runOnlyForDeploymentPostprocessing = 0;
		};
		8C9933EC277761E0004A34AF /* Sources */ = {
			isa = PBXSourcesBuildPhase;
			buildActionMask = 2147483647;
			files = (
				8C9933F7277761E0004A34AF /* Tests_iOSLaunchTests.swift in Sources */,
				8C9933F5277761E0004A34AF /* Tests_iOS.swift in Sources */,
			);
			runOnlyForDeploymentPostprocessing = 0;
		};
		8C9933F8277761E0004A34AF /* Sources */ = {
			isa = PBXSourcesBuildPhase;
			buildActionMask = 2147483647;
			files = (
				8C993403277761E0004A34AF /* Tests_macOSLaunchTests.swift in Sources */,
				8C993401277761E0004A34AF /* Tests_macOS.swift in Sources */,
			);
			runOnlyForDeploymentPostprocessing = 0;
		};
/* End PBXSourcesBuildPhase section */

/* Begin PBXTargetDependency section */
		8C9933F2277761E0004A34AF /* PBXTargetDependency */ = {
			isa = PBXTargetDependency;
			target = 8C9933E2277761E0004A34AF /* negoto (iOS) */;
			targetProxy = 8C9933F1277761E0004A34AF /* PBXContainerItemProxy */;
		};
		8C9933FE277761E0004A34AF /* PBXTargetDependency */ = {
			isa = PBXTargetDependency;
			target = 8C9933E8277761E0004A34AF /* negoto (macOS) */;
			targetProxy = 8C9933FD277761E0004A34AF /* PBXContainerItemProxy */;
		};
/* End PBXTargetDependency section */

/* Begin XCBuildConfiguration section */
		8C99340A277761E0004A34AF /* Debug */ = {
			isa = XCBuildConfiguration;
			buildSettings = {
				ALWAYS_SEARCH_USER_PATHS = NO;
				CLANG_ANALYZER_NONNULL = YES;
				CLANG_ANALYZER_NUMBER_OBJECT_CONVERSION = YES_AGGRESSIVE;
				CLANG_CXX_LANGUAGE_STANDARD = "gnu++17";
				CLANG_CXX_LIBRARY = "libc++";
				CLANG_ENABLE_MODULES = YES;
				CLANG_ENABLE_OBJC_ARC = YES;
				CLANG_ENABLE_OBJC_WEAK = YES;
				CLANG_WARN_BLOCK_CAPTURE_AUTORELEASING = YES;
				CLANG_WARN_BOOL_CONVERSION = YES;
				CLANG_WARN_COMMA = YES;
				CLANG_WARN_CONSTANT_CONVERSION = YES;
				CLANG_WARN_DEPRECATED_OBJC_IMPLEMENTATIONS = YES;
				CLANG_WARN_DIRECT_OBJC_ISA_USAGE = YES_ERROR;
				CLANG_WARN_DOCUMENTATION_COMMENTS = YES;
				CLANG_WARN_EMPTY_BODY = YES;
				CLANG_WARN_ENUM_CONVERSION = YES;
				CLANG_WARN_INFINITE_RECURSION = YES;
				CLANG_WARN_INT_CONVERSION = YES;
				CLANG_WARN_NON_LITERAL_NULL_CONVERSION = YES;
				CLANG_WARN_OBJC_IMPLICIT_RETAIN_SELF = YES;
				CLANG_WARN_OBJC_LITERAL_CONVERSION = YES;
				CLANG_WARN_OBJC_ROOT_CLASS = YES_ERROR;
				CLANG_WARN_QUOTED_INCLUDE_IN_FRAMEWORK_HEADER = YES;
				CLANG_WARN_RANGE_LOOP_ANALYSIS = YES;
				CLANG_WARN_STRICT_PROTOTYPES = YES;
				CLANG_WARN_SUSPICIOUS_MOVE = YES;
				CLANG_WARN_UNGUARDED_AVAILABILITY = YES_AGGRESSIVE;
				CLANG_WARN_UNREACHABLE_CODE = YES;
				CLANG_WARN__DUPLICATE_METHOD_MATCH = YES;
				COPY_PHASE_STRIP = NO;
				DEBUG_INFORMATION_FORMAT = dwarf;
				ENABLE_STRICT_OBJC_MSGSEND = YES;
				ENABLE_TESTABILITY = YES;
				GCC_C_LANGUAGE_STANDARD = gnu11;
				GCC_DYNAMIC_NO_PIC = NO;
				GCC_NO_COMMON_BLOCKS = YES;
				GCC_OPTIMIZATION_LEVEL = 0;
				GCC_PREPROCESSOR_DEFINITIONS = (
					"DEBUG=1",
					"$(inherited)",
				);
				GCC_WARN_64_TO_32_BIT_CONVERSION = YES;
				GCC_WARN_ABOUT_RETURN_TYPE = YES_ERROR;
				GCC_WARN_UNDECLARED_SELECTOR = YES;
				GCC_WARN_UNINITIALIZED_AUTOS = YES_AGGRESSIVE;
				GCC_WARN_UNUSED_FUNCTION = YES;
				GCC_WARN_UNUSED_VARIABLE = YES;
				MTL_ENABLE_DEBUG_INFO = INCLUDE_SOURCE;
				MTL_FAST_MATH = YES;
				ONLY_ACTIVE_ARCH = YES;
				SWIFT_ACTIVE_COMPILATION_CONDITIONS = DEBUG;
				SWIFT_OPTIMIZATION_LEVEL = "-Onone";
			};
			name = Debug;
		};
		8C99340B277761E0004A34AF /* Release */ = {
			isa = XCBuildConfiguration;
			buildSettings = {
				ALWAYS_SEARCH_USER_PATHS = NO;
				CLANG_ANALYZER_NONNULL = YES;
				CLANG_ANALYZER_NUMBER_OBJECT_CONVERSION = YES_AGGRESSIVE;
				CLANG_CXX_LANGUAGE_STANDARD = "gnu++17";
				CLANG_CXX_LIBRARY = "libc++";
				CLANG_ENABLE_MODULES = YES;
				CLANG_ENABLE_OBJC_ARC = YES;
				CLANG_ENABLE_OBJC_WEAK = YES;
				CLANG_WARN_BLOCK_CAPTURE_AUTORELEASING = YES;
				CLANG_WARN_BOOL_CONVERSION = YES;
				CLANG_WARN_COMMA = YES;
				CLANG_WARN_CONSTANT_CONVERSION = YES;
				CLANG_WARN_DEPRECATED_OBJC_IMPLEMENTATIONS = YES;
				CLANG_WARN_DIRECT_OBJC_ISA_USAGE = YES_ERROR;
				CLANG_WARN_DOCUMENTATION_COMMENTS = YES;
				CLANG_WARN_EMPTY_BODY = YES;
				CLANG_WARN_ENUM_CONVERSION = YES;
				CLANG_WARN_INFINITE_RECURSION = YES;
				CLANG_WARN_INT_CONVERSION = YES;
				CLANG_WARN_NON_LITERAL_NULL_CONVERSION = YES;
				CLANG_WARN_OBJC_IMPLICIT_RETAIN_SELF = YES;
				CLANG_WARN_OBJC_LITERAL_CONVERSION = YES;
				CLANG_WARN_OBJC_ROOT_CLASS = YES_ERROR;
				CLANG_WARN_QUOTED_INCLUDE_IN_FRAMEWORK_HEADER = YES;
				CLANG_WARN_RANGE_LOOP_ANALYSIS = YES;
				CLANG_WARN_STRICT_PROTOTYPES = YES;
				CLANG_WARN_SUSPICIOUS_MOVE = YES;
				CLANG_WARN_UNGUARDED_AVAILABILITY = YES_AGGRESSIVE;
				CLANG_WARN_UNREACHABLE_CODE = YES;
				CLANG_WARN__DUPLICATE_METHOD_MATCH = YES;
				COPY_PHASE_STRIP = NO;
				DEBUG_INFORMATION_FORMAT = "dwarf-with-dsym";
				ENABLE_NS_ASSERTIONS = NO;
				ENABLE_STRICT_OBJC_MSGSEND = YES;
				GCC_C_LANGUAGE_STANDARD = gnu11;
				GCC_NO_COMMON_BLOCKS = YES;
				GCC_WARN_64_TO_32_BIT_CONVERSION = YES;
				GCC_WARN_ABOUT_RETURN_TYPE = YES_ERROR;
				GCC_WARN_UNDECLARED_SELECTOR = YES;
				GCC_WARN_UNINITIALIZED_AUTOS = YES_AGGRESSIVE;
				GCC_WARN_UNUSED_FUNCTION = YES;
				GCC_WARN_UNUSED_VARIABLE = YES;
				MTL_ENABLE_DEBUG_INFO = NO;
				MTL_FAST_MATH = YES;
				SWIFT_COMPILATION_MODE = wholemodule;
				SWIFT_OPTIMIZATION_LEVEL = "-O";
			};
			name = Release;
		};
		8C99340D277761E0004A34AF /* Debug */ = {
			isa = XCBuildConfiguration;
			buildSettings = {
				ASSETCATALOG_COMPILER_APPICON_NAME = AppIcon;
				ASSETCATALOG_COMPILER_GLOBAL_ACCENT_COLOR_NAME = AccentColor;
				CODE_SIGN_STYLE = Automatic;
				CURRENT_PROJECT_VERSION = 1;
				DEVELOPMENT_TEAM = 2LQ8A3R2W8;
				ENABLE_PREVIEWS = YES;
				GENERATE_INFOPLIST_FILE = YES;
				INFOPLIST_KEY_UIApplicationSceneManifest_Generation = YES;
				INFOPLIST_KEY_UIApplicationSupportsIndirectInputEvents = YES;
				INFOPLIST_KEY_UILaunchScreen_Generation = YES;
				INFOPLIST_KEY_UISupportedInterfaceOrientations_iPad = "UIInterfaceOrientationPortrait UIInterfaceOrientationPortraitUpsideDown UIInterfaceOrientationLandscapeLeft UIInterfaceOrientationLandscapeRight";
				INFOPLIST_KEY_UISupportedInterfaceOrientations_iPhone = "UIInterfaceOrientationPortrait UIInterfaceOrientationLandscapeLeft UIInterfaceOrientationLandscapeRight";
				IPHONEOS_DEPLOYMENT_TARGET = 15.0;
				LD_RUNPATH_SEARCH_PATHS = (
					"$(inherited)",
					"@executable_path/Frameworks",
				);
				MARKETING_VERSION = 1.0;
				PRODUCT_BUNDLE_IDENTIFIER = wam.negoto;
				PRODUCT_NAME = negoto;
				SDKROOT = iphoneos;
				SWIFT_EMIT_LOC_STRINGS = YES;
				SWIFT_VERSION = 5.0;
				TARGETED_DEVICE_FAMILY = "1,2";
			};
			name = Debug;
		};
		8C99340E277761E0004A34AF /* Release */ = {
			isa = XCBuildConfiguration;
			buildSettings = {
				ASSETCATALOG_COMPILER_APPICON_NAME = AppIcon;
				ASSETCATALOG_COMPILER_GLOBAL_ACCENT_COLOR_NAME = AccentColor;
				CODE_SIGN_STYLE = Automatic;
				CURRENT_PROJECT_VERSION = 1;
				DEVELOPMENT_TEAM = 2LQ8A3R2W8;
				ENABLE_PREVIEWS = YES;
				GENERATE_INFOPLIST_FILE = YES;
				INFOPLIST_KEY_UIApplicationSceneManifest_Generation = YES;
				INFOPLIST_KEY_UIApplicationSupportsIndirectInputEvents = YES;
				INFOPLIST_KEY_UILaunchScreen_Generation = YES;
				INFOPLIST_KEY_UISupportedInterfaceOrientations_iPad = "UIInterfaceOrientationPortrait UIInterfaceOrientationPortraitUpsideDown UIInterfaceOrientationLandscapeLeft UIInterfaceOrientationLandscapeRight";
				INFOPLIST_KEY_UISupportedInterfaceOrientations_iPhone = "UIInterfaceOrientationPortrait UIInterfaceOrientationLandscapeLeft UIInterfaceOrientationLandscapeRight";
				IPHONEOS_DEPLOYMENT_TARGET = 15.0;
				LD_RUNPATH_SEARCH_PATHS = (
					"$(inherited)",
					"@executable_path/Frameworks",
				);
				MARKETING_VERSION = 1.0;
				PRODUCT_BUNDLE_IDENTIFIER = wam.negoto;
				PRODUCT_NAME = negoto;
				SDKROOT = iphoneos;
				SWIFT_EMIT_LOC_STRINGS = YES;
				SWIFT_VERSION = 5.0;
				TARGETED_DEVICE_FAMILY = "1,2";
				VALIDATE_PRODUCT = YES;
			};
			name = Release;
		};
		8C993410277761E0004A34AF /* Debug */ = {
			isa = XCBuildConfiguration;
			buildSettings = {
				ASSETCATALOG_COMPILER_APPICON_NAME = AppIcon;
				ASSETCATALOG_COMPILER_GLOBAL_ACCENT_COLOR_NAME = AccentColor;
				CODE_SIGN_ENTITLEMENTS = macOS/macOS.entitlements;
				CODE_SIGN_STYLE = Automatic;
				COMBINE_HIDPI_IMAGES = YES;
				CURRENT_PROJECT_VERSION = 1;
				DEVELOPMENT_TEAM = 2LQ8A3R2W8;
				ENABLE_HARDENED_RUNTIME = YES;
				ENABLE_PREVIEWS = YES;
				GENERATE_INFOPLIST_FILE = YES;
				INFOPLIST_KEY_NSHumanReadableCopyright = "";
				LD_RUNPATH_SEARCH_PATHS = (
					"$(inherited)",
					"@executable_path/../Frameworks",
				);
				MACOSX_DEPLOYMENT_TARGET = 12.0;
				MARKETING_VERSION = 1.0;
				PRODUCT_BUNDLE_IDENTIFIER = wam.negoto;
				PRODUCT_NAME = negoto;
				SDKROOT = macosx;
				SWIFT_EMIT_LOC_STRINGS = YES;
				SWIFT_VERSION = 5.0;
			};
			name = Debug;
		};
		8C993411277761E0004A34AF /* Release */ = {
			isa = XCBuildConfiguration;
			buildSettings = {
				ASSETCATALOG_COMPILER_APPICON_NAME = AppIcon;
				ASSETCATALOG_COMPILER_GLOBAL_ACCENT_COLOR_NAME = AccentColor;
				CODE_SIGN_ENTITLEMENTS = macOS/macOS.entitlements;
				CODE_SIGN_STYLE = Automatic;
				COMBINE_HIDPI_IMAGES = YES;
				CURRENT_PROJECT_VERSION = 1;
				DEVELOPMENT_TEAM = 2LQ8A3R2W8;
				ENABLE_HARDENED_RUNTIME = YES;
				ENABLE_PREVIEWS = YES;
				GENERATE_INFOPLIST_FILE = YES;
				INFOPLIST_KEY_NSHumanReadableCopyright = "";
				LD_RUNPATH_SEARCH_PATHS = (
					"$(inherited)",
					"@executable_path/../Frameworks",
				);
				MACOSX_DEPLOYMENT_TARGET = 12.0;
				MARKETING_VERSION = 1.0;
				PRODUCT_BUNDLE_IDENTIFIER = wam.negoto;
				PRODUCT_NAME = negoto;
				SDKROOT = macosx;
				SWIFT_EMIT_LOC_STRINGS = YES;
				SWIFT_VERSION = 5.0;
			};
			name = Release;
		};
		8C993413277761E0004A34AF /* Debug */ = {
			isa = XCBuildConfiguration;
			buildSettings = {
				ALWAYS_EMBED_SWIFT_STANDARD_LIBRARIES = YES;
				CODE_SIGN_STYLE = Automatic;
				CURRENT_PROJECT_VERSION = 1;
				DEVELOPMENT_TEAM = 2LQ8A3R2W8;
				GENERATE_INFOPLIST_FILE = YES;
				IPHONEOS_DEPLOYMENT_TARGET = 15.0;
				LD_RUNPATH_SEARCH_PATHS = (
					"$(inherited)",
					"@executable_path/Frameworks",
					"@loader_path/Frameworks",
				);
				MARKETING_VERSION = 1.0;
				PRODUCT_BUNDLE_IDENTIFIER = "wam.Tests-iOS";
				PRODUCT_NAME = "$(TARGET_NAME)";
				SDKROOT = iphoneos;
				SWIFT_EMIT_LOC_STRINGS = NO;
				SWIFT_VERSION = 5.0;
				TARGETED_DEVICE_FAMILY = "1,2";
				TEST_TARGET_NAME = "negoto (iOS)";
			};
			name = Debug;
		};
		8C993414277761E0004A34AF /* Release */ = {
			isa = XCBuildConfiguration;
			buildSettings = {
				ALWAYS_EMBED_SWIFT_STANDARD_LIBRARIES = YES;
				CODE_SIGN_STYLE = Automatic;
				CURRENT_PROJECT_VERSION = 1;
				DEVELOPMENT_TEAM = 2LQ8A3R2W8;
				GENERATE_INFOPLIST_FILE = YES;
				IPHONEOS_DEPLOYMENT_TARGET = 15.0;
				LD_RUNPATH_SEARCH_PATHS = (
					"$(inherited)",
					"@executable_path/Frameworks",
					"@loader_path/Frameworks",
				);
				MARKETING_VERSION = 1.0;
				PRODUCT_BUNDLE_IDENTIFIER = "wam.Tests-iOS";
				PRODUCT_NAME = "$(TARGET_NAME)";
				SDKROOT = iphoneos;
				SWIFT_EMIT_LOC_STRINGS = NO;
				SWIFT_VERSION = 5.0;
				TARGETED_DEVICE_FAMILY = "1,2";
				TEST_TARGET_NAME = "negoto (iOS)";
				VALIDATE_PRODUCT = YES;
			};
			name = Release;
		};
		8C993416277761E0004A34AF /* Debug */ = {
			isa = XCBuildConfiguration;
			buildSettings = {
				ALWAYS_EMBED_SWIFT_STANDARD_LIBRARIES = YES;
				CODE_SIGN_STYLE = Automatic;
				COMBINE_HIDPI_IMAGES = YES;
				CURRENT_PROJECT_VERSION = 1;
				DEVELOPMENT_TEAM = 2LQ8A3R2W8;
				GENERATE_INFOPLIST_FILE = YES;
				LD_RUNPATH_SEARCH_PATHS = (
					"$(inherited)",
					"@executable_path/../Frameworks",
					"@loader_path/../Frameworks",
				);
				MACOSX_DEPLOYMENT_TARGET = 12.0;
				MARKETING_VERSION = 1.0;
				PRODUCT_BUNDLE_IDENTIFIER = "wam.Tests-macOS";
				PRODUCT_NAME = "$(TARGET_NAME)";
				SDKROOT = macosx;
				SWIFT_EMIT_LOC_STRINGS = NO;
				SWIFT_VERSION = 5.0;
				TEST_TARGET_NAME = "negoto (macOS)";
			};
			name = Debug;
		};
		8C993417277761E0004A34AF /* Release */ = {
			isa = XCBuildConfiguration;
			buildSettings = {
				ALWAYS_EMBED_SWIFT_STANDARD_LIBRARIES = YES;
				CODE_SIGN_STYLE = Automatic;
				COMBINE_HIDPI_IMAGES = YES;
				CURRENT_PROJECT_VERSION = 1;
				DEVELOPMENT_TEAM = 2LQ8A3R2W8;
				GENERATE_INFOPLIST_FILE = YES;
				LD_RUNPATH_SEARCH_PATHS = (
					"$(inherited)",
					"@executable_path/../Frameworks",
					"@loader_path/../Frameworks",
				);
				MACOSX_DEPLOYMENT_TARGET = 12.0;
				MARKETING_VERSION = 1.0;
				PRODUCT_BUNDLE_IDENTIFIER = "wam.Tests-macOS";
				PRODUCT_NAME = "$(TARGET_NAME)";
				SDKROOT = macosx;
				SWIFT_EMIT_LOC_STRINGS = NO;
				SWIFT_VERSION = 5.0;
				TEST_TARGET_NAME = "negoto (macOS)";
			};
			name = Release;
		};
/* End XCBuildConfiguration section */

/* Begin XCConfigurationList section */
		8C9933DA277761DE004A34AF /* Build configuration list for PBXProject "negoto" */ = {
			isa = XCConfigurationList;
			buildConfigurations = (
				8C99340A277761E0004A34AF /* Debug */,
				8C99340B277761E0004A34AF /* Release */,
			);
			defaultConfigurationIsVisible = 0;
			defaultConfigurationName = Release;
		};
		8C99340C277761E0004A34AF /* Build configuration list for PBXNativeTarget "negoto (iOS)" */ = {
			isa = XCConfigurationList;
			buildConfigurations = (
				8C99340D277761E0004A34AF /* Debug */,
				8C99340E277761E0004A34AF /* Release */,
			);
			defaultConfigurationIsVisible = 0;
			defaultConfigurationName = Release;
		};
		8C99340F277761E0004A34AF /* Build configuration list for PBXNativeTarget "negoto (macOS)" */ = {
			isa = XCConfigurationList;
			buildConfigurations = (
				8C993410277761E0004A34AF /* Debug */,
				8C993411277761E0004A34AF /* Release */,
			);
			defaultConfigurationIsVisible = 0;
			defaultConfigurationName = Release;
		};
		8C993412277761E0004A34AF /* Build configuration list for PBXNativeTarget "Tests iOS" */ = {
			isa = XCConfigurationList;
			buildConfigurations = (
				8C993413277761E0004A34AF /* Debug */,
				8C993414277761E0004A34AF /* Release */,
			);
			defaultConfigurationIsVisible = 0;
			defaultConfigurationName = Release;
		};
		8C993415277761E0004A34AF /* Build configuration list for PBXNativeTarget "Tests macOS" */ = {
			isa = XCConfigurationList;
			buildConfigurations = (
				8C993416277761E0004A34AF /* Debug */,
				8C993417277761E0004A34AF /* Release */,
			);
			defaultConfigurationIsVisible = 0;
			defaultConfigurationName = Release;
		};
/* End XCConfigurationList section */
	};
	rootObject = 8C9933D7277761DE004A34AF /* Project object */;
}
